
Microsoft Visual Studio Solution File, Format Version 12.00
# Visual Studio Version 17
VisualStudioVersion = 17.9.34607.119
MinimumVisualStudioVersion = 10.0.40219.1
Project("{FAE04EC0-301F-11D3-BF4B-00C04F79EFBC}") = "VCS-Performance-Comparison", "VCS-Performance-Comparison\VCS-Performance-Comparison.csproj", "{24B673A5-B553-46D4-89D3-42F2B678C191}"
EndProject
Global
	GlobalSection(SolutionConfigurationPlatforms) = preSolution
		Debug|Any CPU = Debug|Any CPU
		Release|Any CPU = Release|Any CPU
	EndGlobalSection
	GlobalSection(ProjectConfigurationPlatforms) = postSolution
		{24B673A5-B553-46D4-89D3-42F2B678C191}.Debug|Any CPU.ActiveCfg = Debug|Any CPU
		{24B673A5-B553-46D4-89D3-42F2B678C191}.Debug|Any CPU.Build.0 = Debug|Any CPU
		{24B673A5-B553-46D4-89D3-42F2B678C191}.Release|Any CPU.ActiveCfg = Release|Any CPU
		{24B673A5-B553-46D4-89D3-42F2B678C191}.Release|Any CPU.Build.0 = Release|Any CPU
	EndGlobalSection
	GlobalSection(SolutionProperties) = preSolution
		HideSolutionNode = FALSE
	EndGlobalSection
	GlobalSection(ExtensibilityGlobals) = postSolution
		SolutionGuid = {CDA7F299-A4E7-454F-BA86-35C2102163F2}
	EndGlobalSection
EndGlobal
